
Microsoft Visual Studio Solution File, Format Version 12.00
# Visual Studio 15
VisualStudioVersion = 15.0.28307.1145
MinimumVisualStudioVersion = 10.0.40219.1
Project("{9A19103F-16F7-4668-BE54-9A1E7A4F7556}") = "Books", "Book\Books.csproj", "{204F33A3-5743-43F9-9AE0-C612F9F59A21}"
EndProject
Project("{FAE04EC0-301F-11D3-BF4B-00C04F79EFBC}") = "BookCovers", "BookCovers\BookCovers.csproj", "{7563BB90-0069-4CBD-B883-D448A539D9E7}"
EndProject
Global
	GlobalSection(SolutionConfigurationPlatforms) = preSolution
		Debug|Any CPU = Debug|Any CPU
		Release|Any CPU = Release|Any CPU
	EndGlobalSection
	GlobalSection(ProjectConfigurationPlatforms) = postSolution
		{204F33A3-5743-43F9-9AE0-C612F9F59A21}.Debug|Any CPU.ActiveCfg = Debug|Any CPU
		{204F33A3-5743-43F9-9AE0-C612F9F59A21}.Debug|Any CPU.Build.0 = Debug|Any CPU
		{204F33A3-5743-43F9-9AE0-C612F9F59A21}.Release|Any CPU.ActiveCfg = Release|Any CPU
		{204F33A3-5743-43F9-9AE0-C612F9F59A21}.Release|Any CPU.Build.0 = Release|Any CPU
		{7563BB90-0069-4CBD-B883-D448A539D9E7}.Debug|Any CPU.ActiveCfg = Debug|Any CPU
		{7563BB90-0069-4CBD-B883-D448A539D9E7}.Debug|Any CPU.Build.0 = Debug|Any CPU
		{7563BB90-0069-4CBD-B883-D448A539D9E7}.Release|Any CPU.ActiveCfg = Release|Any CPU
		{7563BB90-0069-4CBD-B883-D448A539D9E7}.Release|Any CPU.Build.0 = Release|Any CPU
	EndGlobalSection
	GlobalSection(SolutionProperties) = preSolution
		HideSolutionNode = FALSE
	EndGlobalSection
	GlobalSection(ExtensibilityGlobals) = postSolution
		SolutionGuid = {5C6F99DF-F88F-40AE-9B76-4F3CD41B9F2F}
	EndGlobalSection
EndGlobal
